// !$*UTF8*$!
{
	archiveVersion = 1;
	classes = {
	};
	objectVersion = 50;
	objects = {

/* Begin PBXBuildFile section */
		256FAF5F22A04BC300453730 /* AppDelegate.swift in Sources */ = {isa = PBXBuildFile; fileRef = 256FAF5E22A04BC300453730 /* AppDelegate.swift */; };
		256FAF6422A04BC300453730 /* Main.storyboard in Resources */ = {isa = PBXBuildFile; fileRef = 256FAF6222A04BC300453730 /* Main.storyboard */; };
		256FAF6622A04BC300453730 /* Assets.xcassets in Resources */ = {isa = PBXBuildFile; fileRef = 256FAF6522A04BC300453730 /* Assets.xcassets */; };
		256FAF6922A04BC300453730 /* LaunchScreen.storyboard in Resources */ = {isa = PBXBuildFile; fileRef = 256FAF6722A04BC300453730 /* LaunchScreen.storyboard */; };
		256FAF7322A04D0C00453730 /* MainController.swift in Sources */ = {isa = PBXBuildFile; fileRef = 256FAF7222A04D0C00453730 /* MainController.swift */; };
		256FAF7522A0595600453730 /* HomeCell.swift in Sources */ = {isa = PBXBuildFile; fileRef = 256FAF7422A0595600453730 /* HomeCell.swift */; };
		256FAF7822A05C8B00453730 /* Extensions.swift in Sources */ = {isa = PBXBuildFile; fileRef = 256FAF7722A05C8B00453730 /* Extensions.swift */; };
		256FAFEB22A17F9800453730 /* Photo.swift in Sources */ = {isa = PBXBuildFile; fileRef = 256FAFEA22A17F9800453730 /* Photo.swift */; };
		256FAFED22A182EE00453730 /* PhotoDetailController.swift in Sources */ = {isa = PBXBuildFile; fileRef = 256FAFEC22A182EE00453730 /* PhotoDetailController.swift */; };
		256FAFEF22A1920A00453730 /* CustomImageView.swift in Sources */ = {isa = PBXBuildFile; fileRef = 256FAFEE22A1920A00453730 /* CustomImageView.swift */; };
/* End PBXBuildFile section */

/* Begin PBXFileReference section */
		256FAF5B22A04BC300453730 /* GasBuddy_Challenge.app */ = {isa = PBXFileReference; explicitFileType = wrapper.application; includeInIndex = 0; path = GasBuddy_Challenge.app; sourceTree = BUILT_PRODUCTS_DIR; };
		256FAF5E22A04BC300453730 /* AppDelegate.swift */ = {isa = PBXFileReference; lastKnownFileType = sourcecode.swift; path = AppDelegate.swift; sourceTree = "<group>"; };
		256FAF6322A04BC300453730 /* Base */ = {isa = PBXFileReference; lastKnownFileType = file.storyboard; name = Base; path = Base.lproj/Main.storyboard; sourceTree = "<group>"; };
		256FAF6522A04BC300453730 /* Assets.xcassets */ = {isa = PBXFileReference; lastKnownFileType = folder.assetcatalog; path = Assets.xcassets; sourceTree = "<group>"; };
		256FAF6822A04BC300453730 /* Base */ = {isa = PBXFileReference; lastKnownFileType = file.storyboard; name = Base; path = Base.lproj/LaunchScreen.storyboard; sourceTree = "<group>"; };
		256FAF6A22A04BC300453730 /* Info.plist */ = {isa = PBXFileReference; lastKnownFileType = text.plist.xml; path = Info.plist; sourceTree = "<group>"; };
		256FAF7222A04D0C00453730 /* MainController.swift */ = {isa = PBXFileReference; lastKnownFileType = sourcecode.swift; path = MainController.swift; sourceTree = "<group>"; };
		256FAF7422A0595600453730 /* HomeCell.swift */ = {isa = PBXFileReference; lastKnownFileType = sourcecode.swift; path = HomeCell.swift; sourceTree = "<group>"; };
		256FAF7722A05C8B00453730 /* Extensions.swift */ = {isa = PBXFileReference; lastKnownFileType = sourcecode.swift; path = Extensions.swift; sourceTree = "<group>"; };
		256FAFEA22A17F9800453730 /* Photo.swift */ = {isa = PBXFileReference; lastKnownFileType = sourcecode.swift; path = Photo.swift; sourceTree = "<group>"; };
		256FAFEC22A182EE00453730 /* PhotoDetailController.swift */ = {isa = PBXFileReference; lastKnownFileType = sourcecode.swift; path = PhotoDetailController.swift; sourceTree = "<group>"; };
		256FAFEE22A1920A00453730 /* CustomImageView.swift */ = {isa = PBXFileReference; lastKnownFileType = sourcecode.swift; path = CustomImageView.swift; sourceTree = "<group>"; };
/* End PBXFileReference section */

/* Begin PBXFrameworksBuildPhase section */
		256FAF5822A04BC300453730 /* Frameworks */ = {
			isa = PBXFrameworksBuildPhase;
			buildActionMask = 2147483647;
			files = (
			);
			runOnlyForDeploymentPostprocessing = 0;
		};
/* End PBXFrameworksBuildPhase section */

/* Begin PBXGroup section */
		256FAF5222A04BC300453730 = {
			isa = PBXGroup;
			children = (
				256FAF5D22A04BC300453730 /* GasBuddy_Challenge */,
				256FAF5C22A04BC300453730 /* Products */,
			);
			sourceTree = "<group>";
		};
		256FAF5C22A04BC300453730 /* Products */ = {
			isa = PBXGroup;
			children = (
				256FAF5B22A04BC300453730 /* GasBuddy_Challenge.app */,
			);
			name = Products;
			sourceTree = "<group>";
		};
		256FAF5D22A04BC300453730 /* GasBuddy_Challenge */ = {
			isa = PBXGroup;
			children = (
				256FAFE922A17F4300453730 /* Model */,
				256FAF7622A05C6D00453730 /* Utils */,
				256FAF5E22A04BC300453730 /* AppDelegate.swift */,
				256FAF6222A04BC300453730 /* Main.storyboard */,
				256FAF6522A04BC300453730 /* Assets.xcassets */,
				256FAF6722A04BC300453730 /* LaunchScreen.storyboard */,
				256FAF6A22A04BC300453730 /* Info.plist */,
				256FAF7222A04D0C00453730 /* MainController.swift */,
				256FAF7422A0595600453730 /* HomeCell.swift */,
				256FAFEC22A182EE00453730 /* PhotoDetailController.swift */,
			);
			path = GasBuddy_Challenge;
			sourceTree = "<group>";
		};
		256FAF7622A05C6D00453730 /* Utils */ = {
			isa = PBXGroup;
			children = (
				256FAF7722A05C8B00453730 /* Extensions.swift */,
				256FAFEE22A1920A00453730 /* CustomImageView.swift */,
			);
			path = Utils;
			sourceTree = "<group>";
		};
		256FAFE922A17F4300453730 /* Model */ = {
			isa = PBXGroup;
			children = (
				256FAFEA22A17F9800453730 /* Photo.swift */,
			);
			path = Model;
			sourceTree = "<group>";
		};
/* End PBXGroup section */

/* Begin PBXNativeTarget section */
		256FAF5A22A04BC300453730 /* GasBuddy_Challenge */ = {
			isa = PBXNativeTarget;
			buildConfigurationList = 256FAF6D22A04BC300453730 /* Build configuration list for PBXNativeTarget "GasBuddy_Challenge" */;
			buildPhases = (
				256FAF5722A04BC300453730 /* Sources */,
				256FAF5822A04BC300453730 /* Frameworks */,
				256FAF5922A04BC300453730 /* Resources */,
			);
			buildRules = (
			);
			dependencies = (
			);
			name = GasBuddy_Challenge;
			productName = GasBuddy_Challenge;
			productReference = 256FAF5B22A04BC300453730 /* GasBuddy_Challenge.app */;
			productType = "com.apple.product-type.application";
		};
/* End PBXNativeTarget section */

/* Begin PBXProject section */
		256FAF5322A04BC300453730 /* Project object */ = {
			isa = PBXProject;
			attributes = {
				LastSwiftUpdateCheck = 1020;
				LastUpgradeCheck = 1020;
				ORGANIZATIONNAME = "Yi Zheng";
				TargetAttributes = {
					256FAF5A22A04BC300453730 = {
						CreatedOnToolsVersion = 10.2.1;
					};
				};
			};
			buildConfigurationList = 256FAF5622A04BC300453730 /* Build configuration list for PBXProject "GasBuddy_Challenge" */;
			compatibilityVersion = "Xcode 9.3";
			developmentRegion = en;
			hasScannedForEncodings = 0;
			knownRegions = (
				en,
				Base,
			);
			mainGroup = 256FAF5222A04BC300453730;
			productRefGroup = 256FAF5C22A04BC300453730 /* Products */;
			projectDirPath = "";
			projectRoot = "";
			targets = (
				256FAF5A22A04BC300453730 /* GasBuddy_Challenge */,
			);
		};
/* End PBXProject section */

/* Begin PBXResourcesBuildPhase section */
		256FAF5922A04BC300453730 /* Resources */ = {
			isa = PBXResourcesBuildPhase;
			buildActionMask = 2147483647;
			files = (
				256FAF6922A04BC300453730 /* LaunchScreen.storyboard in Resources */,
				256FAF6622A04BC300453730 /* Assets.xcassets in Resources */,
				256FAF6422A04BC300453730 /* Main.storyboard in Resources */,
			);
			runOnlyForDeploymentPostprocessing = 0;
		};
/* End PBXResourcesBuildPhase section */

/* Begin PBXSourcesBuildPhase section */
		256FAF5722A04BC300453730 /* Sources */ = {
			isa = PBXSourcesBuildPhase;
			buildActionMask = 2147483647;
			files = (
				256FAFEB22A17F9800453730 /* Photo.swift in Sources */,
				256FAFED22A182EE00453730 /* PhotoDetailController.swift in Sources */,
				256FAF7322A04D0C00453730 /* MainController.swift in Sources */,
				256FAFEF22A1920A00453730 /* CustomImageView.swift in Sources */,
				256FAF7522A0595600453730 /* HomeCell.swift in Sources */,
				256FAF5F22A04BC300453730 /* AppDelegate.swift in Sources */,
				256FAF7822A05C8B00453730 /* Extensions.swift in Sources */,
			);
			runOnlyForDeploymentPostprocessing = 0;
		};
/* End PBXSourcesBuildPhase section */

/* Begin PBXVariantGroup section */
		256FAF6222A04BC300453730 /* Main.storyboard */ = {
			isa = PBXVariantGroup;
			children = (
				256FAF6322A04BC300453730 /* Base */,
			);
			name = Main.storyboard;
			sourceTree = "<group>";
		};
		256FAF6722A04BC300453730 /* LaunchScreen.storyboard */ = {
			isa = PBXVariantGroup;
			children = (
				256FAF6822A04BC300453730 /* Base */,
			);
			name = LaunchScreen.storyboard;
			sourceTree = "<group>";
		};
/* End PBXVariantGroup section */

/* Begin XCBuildConfiguration section */
		256FAF6B22A04BC300453730 /* Debug */ = {
			isa = XCBuildConfiguration;
			buildSettings = {
				ALWAYS_SEARCH_USER_PATHS = NO;
				CLANG_ANALYZER_NONNULL = YES;
				CLANG_ANALYZER_NUMBER_OBJECT_CONVERSION = YES_AGGRESSIVE;
				CLANG_CXX_LANGUAGE_STANDARD = "gnu++14";
				CLANG_CXX_LIBRARY = "libc++";
				CLANG_ENABLE_MODULES = YES;
				CLANG_ENABLE_OBJC_ARC = YES;
				CLANG_ENABLE_OBJC_WEAK = YES;
				CLANG_WARN_BLOCK_CAPTURE_AUTORELEASING = YES;
				CLANG_WARN_BOOL_CONVERSION = YES;
				CLANG_WARN_COMMA = YES;
				CLANG_WARN_CONSTANT_CONVERSION = YES;
				CLANG_WARN_DEPRECATED_OBJC_IMPLEMENTATIONS = YES;
				CLANG_WARN_DIRECT_OBJC_ISA_USAGE = YES_ERROR;
				CLANG_WARN_DOCUMENTATION_COMMENTS = YES;
				CLANG_WARN_EMPTY_BODY = YES;
				CLANG_WARN_ENUM_CONVERSION = YES;
				CLANG_WARN_INFINITE_RECURSION = YES;
				CLANG_WARN_INT_CONVERSION = YES;
				CLANG_WARN_NON_LITERAL_NULL_CONVERSION = YES;
				CLANG_WARN_OBJC_IMPLICIT_RETAIN_SELF = YES;
				CLANG_WARN_OBJC_LITERAL_CONVERSION = YES;
				CLANG_WARN_OBJC_ROOT_CLASS = YES_ERROR;
				CLANG_WARN_RANGE_LOOP_ANALYSIS = YES;
				CLANG_WARN_STRICT_PROTOTYPES = YES;
				CLANG_WARN_SUSPICIOUS_MOVE = YES;
				CLANG_WARN_UNGUARDED_AVAILABILITY = YES_AGGRESSIVE;
				CLANG_WARN_UNREACHABLE_CODE = YES;
				CLANG_WARN__DUPLICATE_METHOD_MATCH = YES;
				CODE_SIGN_IDENTITY = "iPhone Developer";
				COPY_PHASE_STRIP = NO;
				DEBUG_INFORMATION_FORMAT = dwarf;
				ENABLE_STRICT_OBJC_MSGSEND = YES;
				ENABLE_TESTABILITY = YES;
				GCC_C_LANGUAGE_STANDARD = gnu11;
				GCC_DYNAMIC_NO_PIC = NO;
				GCC_NO_COMMON_BLOCKS = YES;
				GCC_OPTIMIZATION_LEVEL = 0;
				GCC_PREPROCESSOR_DEFINITIONS = (
					"DEBUG=1",
					"$(inherited)",
				);
				GCC_WARN_64_TO_32_BIT_CONVERSION = YES;
				GCC_WARN_ABOUT_RETURN_TYPE = YES_ERROR;
				GCC_WARN_UNDECLARED_SELECTOR = YES;
				GCC_WARN_UNINITIALIZED_AUTOS = YES_AGGRESSIVE;
				GCC_WARN_UNUSED_FUNCTION = YES;
				GCC_WARN_UNUSED_VARIABLE = YES;
				IPHONEOS_DEPLOYMENT_TARGET = 12.2;
				MTL_ENABLE_DEBUG_INFO = INCLUDE_SOURCE;
				MTL_FAST_MATH = YES;
				ONLY_ACTIVE_ARCH = YES;
				SDKROOT = iphoneos;
				SWIFT_ACTIVE_COMPILATION_CONDITIONS = DEBUG;
				SWIFT_OPTIMIZATION_LEVEL = "-Onone";
			};
			name = Debug;
		};
		256FAF6C22A04BC300453730 /* Release */ = {
			isa = XCBuildConfiguration;
			buildSettings = {
				ALWAYS_SEARCH_USER_PATHS = NO;
				CLANG_ANALYZER_NONNULL = YES;
				CLANG_ANALYZER_NUMBER_OBJECT_CONVERSION = YES_AGGRESSIVE;
				CLANG_CXX_LANGUAGE_STANDARD = "gnu++14";
				CLANG_CXX_LIBRARY = "libc++";
				CLANG_ENABLE_MODULES = YES;
				CLANG_ENABLE_OBJC_ARC = YES;
				CLANG_ENABLE_OBJC_WEAK = YES;
				CLANG_WARN_BLOCK_CAPTURE_AUTORELEASING = YES;
				CLANG_WARN_BOOL_CONVERSION = YES;
				CLANG_WARN_COMMA = YES;
				CLANG_WARN_CONSTANT_CONVERSION = YES;
				CLANG_WARN_DEPRECATED_OBJC_IMPLEMENTATIONS = YES;
				CLANG_WARN_DIRECT_OBJC_ISA_USAGE = YES_ERROR;
				CLANG_WARN_DOCUMENTATION_COMMENTS = YES;
				CLANG_WARN_EMPTY_BODY = YES;
				CLANG_WARN_ENUM_CONVERSION = YES;
				CLANG_WARN_INFINITE_RECURSION = YES;
				CLANG_WARN_INT_CONVERSION = YES;
				CLANG_WARN_NON_LITERAL_NULL_CONVERSION = YES;
				CLANG_WARN_OBJC_IMPLICIT_RETAIN_SELF = YES;
				CLANG_WARN_OBJC_LITERAL_CONVERSION = YES;
				CLANG_WARN_OBJC_ROOT_CLASS = YES_ERROR;
				CLANG_WARN_RANGE_LOOP_ANALYSIS = YES;
				CLANG_WARN_STRICT_PROTOTYPES = YES;
				CLANG_WARN_SUSPICIOUS_MOVE = YES;
				CLANG_WARN_UNGUARDED_AVAILABILITY = YES_AGGRESSIVE;
				CLANG_WARN_UNREACHABLE_CODE = YES;
				CLANG_WARN__DUPLICATE_METHOD_MATCH = YES;
				CODE_SIGN_IDENTITY = "iPhone Developer";
				COPY_PHASE_STRIP = NO;
				DEBUG_INFORMATION_FORMAT = "dwarf-with-dsym";
				ENABLE_NS_ASSERTIONS = NO;
				ENABLE_STRICT_OBJC_MSGSEND = YES;
				GCC_C_LANGUAGE_STANDARD = gnu11;
				GCC_NO_COMMON_BLOCKS = YES;
				GCC_WARN_64_TO_32_BIT_CONVERSION = YES;
				GCC_WARN_ABOUT_RETURN_TYPE = YES_ERROR;
				GCC_WARN_UNDECLARED_SELECTOR = YES;
				GCC_WARN_UNINITIALIZED_AUTOS = YES_AGGRESSIVE;
				GCC_WARN_UNUSED_FUNCTION = YES;
				GCC_WARN_UNUSED_VARIABLE = YES;
				IPHONEOS_DEPLOYMENT_TARGET = 12.2;
				MTL_ENABLE_DEBUG_INFO = NO;
				MTL_FAST_MATH = YES;
				SDKROOT = iphoneos;
				SWIFT_COMPILATION_MODE = wholemodule;
				SWIFT_OPTIMIZATION_LEVEL = "-O";
				VALIDATE_PRODUCT = YES;
			};
			name = Release;
		};
		256FAF6E22A04BC300453730 /* Debug */ = {
			isa = XCBuildConfiguration;
			buildSettings = {
				ASSETCATALOG_COMPILER_APPICON_NAME = AppIcon;
				CODE_SIGN_STYLE = Automatic;
				DEVELOPMENT_TEAM = KXJQ4CBH5L;
				INFOPLIST_FILE = GasBuddy_Challenge/Info.plist;
				LD_RUNPATH_SEARCH_PATHS = (
					"$(inherited)",
					"@executable_path/Frameworks",
				);
				PRODUCT_BUNDLE_IDENTIFIER = "ca.nait.yzheng16.GasBuddy-Challenge";
				PRODUCT_NAME = "$(TARGET_NAME)";
				SWIFT_VERSION = 5.0;
				TARGETED_DEVICE_FAMILY = "1,2";
			};
			name = Debug;
		};
		256FAF6F22A04BC300453730 /* Release */ = {
			isa = XCBuildConfiguration;
			buildSettings = {
				ASSETCATALOG_COMPILER_APPICON_NAME = AppIcon;
				CODE_SIGN_STYLE = Automatic;
				DEVELOPMENT_TEAM = KXJQ4CBH5L;
				INFOPLIST_FILE = GasBuddy_Challenge/Info.plist;
				LD_RUNPATH_SEARCH_PATHS = (
					"$(inherited)",
					"@executable_path/Frameworks",
				);
				PRODUCT_BUNDLE_IDENTIFIER = "ca.nait.yzheng16.GasBuddy-Challenge";
				PRODUCT_NAME = "$(TARGET_NAME)";
				SWIFT_VERSION = 5.0;
				TARGETED_DEVICE_FAMILY = "1,2";
			};
			name = Release;
		};
/* End XCBuildConfiguration section */

/* Begin XCConfigurationList section */
		256FAF5622A04BC300453730 /* Build configuration list for PBXProject "GasBuddy_Challenge" */ = {
			isa = XCConfigurationList;
			buildConfigurations = (
				256FAF6B22A04BC300453730 /* Debug */,
				256FAF6C22A04BC300453730 /* Release */,
			);
			defaultConfigurationIsVisible = 0;
			defaultConfigurationName = Release;
		};
		256FAF6D22A04BC300453730 /* Build configuration list for PBXNativeTarget "GasBuddy_Challenge" */ = {
			isa = XCConfigurationList;
			buildConfigurations = (
				256FAF6E22A04BC300453730 /* Debug */,
				256FAF6F22A04BC300453730 /* Release */,
			);
			defaultConfigurationIsVisible = 0;
			defaultConfigurationName = Release;
		};
/* End XCConfigurationList section */
	};
	rootObject = 256FAF5322A04BC300453730 /* Project object */;
}
